
Microsoft Visual Studio Solution File, Format Version 12.00
# Visual Studio Version 17
VisualStudioVersion = 17.13.35825.156 d17.13
MinimumVisualStudioVersion = 10.0.40219.1
Project("{FAE04EC0-301F-11D3-BF4B-00C04F79EFBC}") = "InfinityMarket.api", "InfinityMarket.api\InfinityMarket.api.csproj", "{EF709F37-018C-4EAD-A7CE-D8925EF913F7}"
EndProject
Global
	GlobalSection(SolutionConfigurationPlatforms) = preSolution
		Debug|Any CPU = Debug|Any CPU
		Release|Any CPU = Release|Any CPU
	EndGlobalSection
	GlobalSection(ProjectConfigurationPlatforms) = postSolution
		{EF709F37-018C-4EAD-A7CE-D8925EF913F7}.Debug|Any CPU.ActiveCfg = Debug|Any CPU
		{EF709F37-018C-4EAD-A7CE-D8925EF913F7}.Debug|Any CPU.Build.0 = Debug|Any CPU
		{EF709F37-018C-4EAD-A7CE-D8925EF913F7}.Release|Any CPU.ActiveCfg = Release|Any CPU
		{EF709F37-018C-4EAD-A7CE-D8925EF913F7}.Release|Any CPU.Build.0 = Release|Any CPU
	EndGlobalSection
	GlobalSection(SolutionProperties) = preSolution
		HideSolutionNode = FALSE
	EndGlobalSection
	GlobalSection(ExtensibilityGlobals) = postSolution
		SolutionGuid = {12C5E8E1-F347-4347-B60A-921C89F70BD8}
	EndGlobalSection
EndGlobal
